
Microsoft Visual Studio Solution File, Format Version 12.00
# Visual Studio Version 17
VisualStudioVersion = 17.11.35222.181
MinimumVisualStudioVersion = 10.0.40219.1
Project("{FAE04EC0-301F-11D3-BF4B-00C04F79EFBC}") = "2024_11_28_UgyfelTeszteles", "2024_11_28_UgyfelTeszteles\2024_11_28_UgyfelTeszteles.csproj", "{F482B699-439B-4806-A8F1-8860CE96A2BE}"
EndProject
Global
	GlobalSection(SolutionConfigurationPlatforms) = preSolution
		Debug|Any CPU = Debug|Any CPU
		Release|Any CPU = Release|Any CPU
	EndGlobalSection
	GlobalSection(ProjectConfigurationPlatforms) = postSolution
		{F482B699-439B-4806-A8F1-8860CE96A2BE}.Debug|Any CPU.ActiveCfg = Debug|Any CPU
		{F482B699-439B-4806-A8F1-8860CE96A2BE}.Debug|Any CPU.Build.0 = Debug|Any CPU
		{F482B699-439B-4806-A8F1-8860CE96A2BE}.Release|Any CPU.ActiveCfg = Release|Any CPU
		{F482B699-439B-4806-A8F1-8860CE96A2BE}.Release|Any CPU.Build.0 = Release|Any CPU
	EndGlobalSection
	GlobalSection(SolutionProperties) = preSolution
		HideSolutionNode = FALSE
	EndGlobalSection
	GlobalSection(ExtensibilityGlobals) = postSolution
		SolutionGuid = {7C7A4AD4-B2B5-422A-89C5-98130AFD3F23}
	EndGlobalSection
EndGlobal
