
Microsoft Visual Studio Solution File, Format Version 12.00
# Visual Studio Version 17
VisualStudioVersion = 17.11.35222.181
MinimumVisualStudioVersion = 10.0.40219.1
Project("{FAE04EC0-301F-11D3-BF4B-00C04F79EFBC}") = "2025_01_09_TDD", "2025_01_09_TDD\2025_01_09_TDD.csproj", "{E542E77E-FDAD-4660-8F0B-C4047C494831}"
EndProject
Global
	GlobalSection(SolutionConfigurationPlatforms) = preSolution
		Debug|Any CPU = Debug|Any CPU
		Release|Any CPU = Release|Any CPU
	EndGlobalSection
	GlobalSection(ProjectConfigurationPlatforms) = postSolution
		{E542E77E-FDAD-4660-8F0B-C4047C494831}.Debug|Any CPU.ActiveCfg = Debug|Any CPU
		{E542E77E-FDAD-4660-8F0B-C4047C494831}.Debug|Any CPU.Build.0 = Debug|Any CPU
		{E542E77E-FDAD-4660-8F0B-C4047C494831}.Release|Any CPU.ActiveCfg = Release|Any CPU
		{E542E77E-FDAD-4660-8F0B-C4047C494831}.Release|Any CPU.Build.0 = Release|Any CPU
	EndGlobalSection
	GlobalSection(SolutionProperties) = preSolution
		HideSolutionNode = FALSE
	EndGlobalSection
	GlobalSection(ExtensibilityGlobals) = postSolution
		SolutionGuid = {8F307418-14D1-43CE-BEC7-B115FDD50EF4}
	EndGlobalSection
EndGlobal
